{"test_database_connection":"","create_database":"","migrate":"","register_resources":[{"id":"APP","name":"resources.APP","parent":"","description":"","source":"EEVEE"},{"id":"CONFIG","name":"resources.CONFIG","parent":"","description":"","source":"EEVEE"},{"id":"MESSAGE","name":"\u6c9f\u901a","parent":"","description":"","source":"EEVEE"},{"id":"PERMISSION","name":"\u6743\u9650","parent":"","description":"","source":"EEVEE"},{"id":"POST","name":"\u5185\u5bb9","parent":"","description":"","source":"EEVEE"},{"id":"RESOURCE","name":"resources.RESOURCE","parent":"","description":"","source":"EEVEE"},{"id":"ROLE","name":"\u89d2\u8272","parent":"","description":"","source":"EEVEE"},{"id":"SYSTEMCONFIG","name":"resources.SYSTEMCONFIG","parent":"","description":"","source":"EEVEE"},{"id":"TERM","name":"\u5206\u7c7b","parent":"","description":"","source":"EEVEE"},{"id":"USER","name":"\u7528\u6237","parent":"","description":"\u63cf\u8ff0","source":"EEVEE"},{"id":"USERTOKEN","name":"resources.USERTOKEN","parent":"","description":"","source":"EEVEE"}],"register_permissions":[{"id":"ROLE_DELETE","resource_id":"ROLE","name":"ROLE_DELETE","type":"single","description":"","source":"EEVEE"},{"id":"ROLE_GET","resource_id":"ROLE","name":"ROLE_GET","type":"single","description":"","source":"EEVEE"},{"id":"ROLE_POST","resource_id":"ROLE","name":"ROLE_POST","type":"single","description":"","source":"EEVEE"},{"id":"ROLE_PUT","resource_id":"ROLE","name":"ROLE_PUT","type":"single","description":"","source":"EEVEE"},{"id":"USER_DELETE","resource_id":"USER","name":"\u5220\u9664\u7528\u6237","type":"single","description":"","source":"EEVEE"},{"id":"USER_GET","resource_id":"USER","name":"\u83b7\u53d6\u7528\u6237","type":"single","description":"","source":"EEVEE"},{"id":"USER_POST","resource_id":"USER","name":"\u6dfb\u52a0\u7528\u6237","type":"single","description":"","source":"EEVEE"},{"id":"USER_PUT","resource_id":"USER","name":"\u66f4\u65b0\u7528\u6237","type":"single","description":"","source":"EEVEE"}],"register_root_role":{"id":"cdcce4b09b410d4cab69b04a7231c70d","name":"\u8d85\u7ea7\u7ba1\u7406\u5458","description":"","parent":"cdcce4b09b410d4cab69b04a7231c70d","user_amount":0,"permission_amount":8,"source":"EEVEE","status":"1","created_at":"2016-05-17 03:19:36","updated_at":"2016-05-17 03:19:36","permissions":["ROLE_DELETE","ROLE_GET","ROLE_POST","ROLE_PUT","USER_DELETE","USER_GET","USER_POST","USER_PUT"]},"register_guest_role":{"code":200,"message":"\u64cd\u4f5c\u6210\u529f","data":{"id":"guest","name":"\u8bbf\u5ba2","description":"","parent":"cdcce4b09b410d4cab69b04a7231c70d","user_amount":0,"permission_amount":0,"source":"EEVEE","status":"0","created_at":"2016-05-17 03:19:36","updated_at":"2016-05-17 03:19:36","permissions":[]}},"register_administrator":{"code":200,"message":"\u64cd\u4f5c\u6210\u529f","data":{"id":"8871ea620c4dcd3666c76045db3ae4ca","username":"root","email":"root@eevee.io","role":"cdcce4b09b410d4cab69b04a7231c70d","avatar":"images\/avatar.png","source":"EEVEE","status":"1","created_at":"2016-05-17 03:19:37","updated_at":"2016-05-17 03:19:37"}}}