{"test_database_connection":"","create_database":"","migrate":"","register_resources":[{"id":"FILE","name":"\u6587\u4ef6","parent":"","description":"","source":"EEVEE"},{"id":"FOLDER","name":"\u6587\u4ef6\u5939","parent":"","description":"","source":"EEVEE"},{"id":"LOG","name":"resources.LOG","parent":"","description":"","source":"EEVEE"},{"id":"MESSAGE","name":"\u6c9f\u901a","parent":"","description":"","source":"EEVEE"},{"id":"PERMISSION","name":"\u6743\u9650","parent":"","description":"","source":"EEVEE"},{"id":"POST","name":"\u5185\u5bb9","parent":"","description":"","source":"EEVEE"},{"id":"RESOURCE","name":"resources.RESOURCE","parent":"","description":"","source":"EEVEE"},{"id":"ROLE","name":"\u89d2\u8272","parent":"","description":"","source":"EEVEE"},{"id":"SYSTEM","name":"\u7cfb\u7edf","parent":"","description":"","source":"EEVEE"},{"id":"TERM","name":"\u5206\u7c7b","parent":"","description":"","source":"EEVEE"},{"id":"USER","name":"\u7528\u6237","parent":"","description":"\u63cf\u8ff0","source":"EEVEE"},{"id":"USERTOKEN","name":"resources.USERTOKEN","parent":"","description":"","source":"EEVEE"}],"register_permissions":[{"id":"ROLE_DELETE","resource_id":"ROLE","name":"ROLE_DELETE","type":"single","description":"","source":"EEVEE"},{"id":"ROLE_GET","resource_id":"ROLE","name":"ROLE_GET","type":"single","description":"","source":"EEVEE"},{"id":"ROLE_POST","resource_id":"ROLE","name":"ROLE_POST","type":"single","description":"","source":"EEVEE"},{"id":"ROLE_PUT","resource_id":"ROLE","name":"ROLE_PUT","type":"single","description":"","source":"EEVEE"},{"id":"USER_DELETE","resource_id":"USER","name":"\u5220\u9664\u7528\u6237","type":"single","description":"","source":"EEVEE"},{"id":"USER_GET","resource_id":"USER","name":"\u83b7\u53d6\u7528\u6237","type":"single","description":"","source":"EEVEE"},{"id":"USER_POST","resource_id":"USER","name":"\u6dfb\u52a0\u7528\u6237","type":"single","description":"","source":"EEVEE"},{"id":"USER_PUT","resource_id":"USER","name":"\u66f4\u65b0\u7528\u6237","type":"single","description":"","source":"EEVEE"}],"register_root_role":{"code":2001,"message":"\u6570\u636e\u6821\u9a8c\u9519\u8bef","data":{"name":["\u8be5\u89d2\u8272\u5df2\u5b58\u5728"]}},"register_administrator":{"code":2001,"message":"\u6570\u636e\u6821\u9a8c\u9519\u8bef","data":{"username":["\u7528\u6237\u540d\u5df2\u7ecf\u5b58\u5728"],"email":["\u90ae\u7bb1\u5df2\u7ecf\u5b58\u5728"]}}}